
Microsoft Visual Studio Solution File, Format Version 12.00
# Visual Studio 15
VisualStudioVersion = 15.0.28010.2041
MinimumVisualStudioVersion = 10.0.40219.1
Project("{8BC9CEB8-8B4A-11D0-8D11-00A0C91BC942}") = "Debugging_networking", "Debugging_networking\Debugging_networking.vcxproj", "{322E968D-ED89-4DD0-9CE6-057FD12992D5}"
EndProject
Global
	GlobalSection(SolutionConfigurationPlatforms) = preSolution
		Debug|x64 = Debug|x64
		Debug|x86 = Debug|x86
		Release|x64 = Release|x64
		Release|x86 = Release|x86
	EndGlobalSection
	GlobalSection(ProjectConfigurationPlatforms) = postSolution
		{322E968D-ED89-4DD0-9CE6-057FD12992D5}.Debug|x64.ActiveCfg = Debug|x64
		{322E968D-ED89-4DD0-9CE6-057FD12992D5}.Debug|x64.Build.0 = Debug|x64
		{322E968D-ED89-4DD0-9CE6-057FD12992D5}.Debug|x86.ActiveCfg = Debug|Win32
		{322E968D-ED89-4DD0-9CE6-057FD12992D5}.Debug|x86.Build.0 = Debug|Win32
		{322E968D-ED89-4DD0-9CE6-057FD12992D5}.Release|x64.ActiveCfg = Release|x64
		{322E968D-ED89-4DD0-9CE6-057FD12992D5}.Release|x64.Build.0 = Release|x64
		{322E968D-ED89-4DD0-9CE6-057FD12992D5}.Release|x86.ActiveCfg = Release|Win32
		{322E968D-ED89-4DD0-9CE6-057FD12992D5}.Release|x86.Build.0 = Release|Win32
	EndGlobalSection
	GlobalSection(SolutionProperties) = preSolution
		HideSolutionNode = FALSE
	EndGlobalSection
	GlobalSection(ExtensibilityGlobals) = postSolution
		SolutionGuid = {7D859074-4C97-4A51-BC5D-B1965CD818B1}
	EndGlobalSection
EndGlobal
