<?xml version="1.0" encoding="utf-8"?>
<Project ToolsVersion="4.0" xmlns="http://schemas.microsoft.com/developer/msbuild/2003">
  <ItemGroup>
    <Filter Include="Source Files">
      <UniqueIdentifier>{4FC737F1-C7A5-4376-A066-2A32D752A2FF}</UniqueIdentifier>
      <Extensions>cpp;c;cc;cxx;def;odl;idl;hpj;bat;asm;asmx</Extensions>
    </Filter>
    <Filter Include="Header Files">
      <UniqueIdentifier>{93995380-89BD-4b04-88EB-625FBE52EBFB}</UniqueIdentifier>
      <Extensions>h;hh;hpp;hxx;hm;inl;inc;ipp;xsd</Extensions>
    </Filter>
    <Filter Include="Resource Files">
      <UniqueIdentifier>{67DA6AB6-F800-4c08-8B7A-83BB121AAD01}</UniqueIdentifier>
      <Extensions>rc;ico;cur;bmp;dlg;rc2;rct;bin;rgs;gif;jpg;jpeg;jpe;resx;tiff;tif;png;wav;mfcribbon-ms</Extensions>
    </Filter>
  </ItemGroup>
  <ItemGroup>
    <ClInclude Include="Action_Info.h">
      <Filter>Header Files</Filter>
    </ClInclude>
    <ClInclude Include="Character.h">
      <Filter>Header Files</Filter>
    </ClInclude>
    <ClInclude Include="CharacterActionsEventGenerator.h">
      <Filter>Header Files</Filter>
    </ClInclude>
    <ClInclude Include="CharacterActionsFSM.h">
      <Filter>Header Files</Filter>
    </ClInclude>
    <ClInclude Include="Crazy.h">
      <Filter>Header Files</Filter>
    </ClInclude>
    <ClInclude Include="Enemy.h">
      <Filter>Header Files</Filter>
    </ClInclude>
    <ClInclude Include="EnemyActionsFSM.h">
      <Filter>Header Files</Filter>
    </ClInclude>
    <ClInclude Include="EnemySceneObserver.h">
      <Filter>Header Files</Filter>
    </ClInclude>
    <ClInclude Include="EventPackage.h">
      <Filter>Header Files</Filter>
    </ClInclude>
    <ClInclude Include="EventPackageFactory.h">
      <Filter>Header Files</Filter>
    </ClInclude>
    <ClInclude Include="GreenFatty.h">
      <Filter>Header Files</Filter>
    </ClInclude>
    <ClInclude Include="MapThing.h">
      <Filter>Header Files</Filter>
    </ClInclude>
    <ClInclude Include="Package.h">
      <Filter>Header Files</Filter>
    </ClInclude>
    <ClInclude Include="PackageFactory.h">
      <Filter>Header Files</Filter>
    </ClInclude>
    <ClInclude Include="PurpleGuy.h">
      <Filter>Header Files</Filter>
    </ClInclude>
    <ClInclude Include="PurpleGuyScenarioObserver.h">
      <Filter>Header Files</Filter>
    </ClInclude>
    <ClInclude Include="Userdata.h">
      <Filter>Header Files</Filter>
    </ClInclude>
  </ItemGroup>
  <ItemGroup>
    <ClCompile Include="Character.cpp">
      <Filter>Source Files</Filter>
    </ClCompile>
    <ClCompile Include="CharacterActionsEventGenerator.cpp">
      <Filter>Source Files</Filter>
    </ClCompile>
    <ClCompile Include="CharacterActionsFSM.cpp">
      <Filter>Source Files</Filter>
    </ClCompile>
    <ClCompile Include="Crazy.cpp">
      <Filter>Source Files</Filter>
    </ClCompile>
    <ClCompile Include="Enemy.cpp">
      <Filter>Source Files</Filter>
    </ClCompile>
    <ClCompile Include="EnemyActionsFSM.cpp">
      <Filter>Source Files</Filter>
    </ClCompile>
    <ClCompile Include="EnemySceneObserver.cpp">
      <Filter>Source Files</Filter>
    </ClCompile>
    <ClCompile Include="EventPackage.cpp">
      <Filter>Source Files</Filter>
    </ClCompile>
    <ClCompile Include="EventPackageFactory.cpp">
      <Filter>Source Files</Filter>
    </ClCompile>
    <ClCompile Include="GreenFatty.cpp">
      <Filter>Source Files</Filter>
    </ClCompile>
    <ClCompile Include="main - simulacion parte grafica .cpp">
      <Filter>Source Files</Filter>
    </ClCompile>
    <ClCompile Include="main.cpp">
      <Filter>Source Files</Filter>
    </ClCompile>
    <ClCompile Include="MapThing.cpp">
      <Filter>Source Files</Filter>
    </ClCompile>
    <ClCompile Include="Package.cpp">
      <Filter>Source Files</Filter>
    </ClCompile>
    <ClCompile Include="PackageFactory.cpp">
      <Filter>Source Files</Filter>
    </ClCompile>
    <ClCompile Include="PurpleGuy.cpp">
      <Filter>Source Files</Filter>
    </ClCompile>
    <ClCompile Include="PurpleGuyScenarioObserver.cpp">
      <Filter>Source Files</Filter>
    </ClCompile>
    <ClCompile Include="Userdata.cpp">
      <Filter>Source Files</Filter>
    </ClCompile>
  </ItemGroup>
  <ItemGroup>
    <None Include="packages.config" />
  </ItemGroup>
</Project>