<?xml version="1.0" encoding="utf-8"?>
<Project ToolsVersion="4.0" xmlns="http://schemas.microsoft.com/developer/msbuild/2003">
  <ItemGroup>
    <ClCompile Include="Enemy.cpp">
      <Filter>Source Files\PJ_related\Characters\Enemies</Filter>
    </ClCompile>
    <ClCompile Include="DRAW.cpp">
      <Filter>Source Files\Graphics_related</Filter>
    </ClCompile>
    <ClCompile Include="Character.cpp">
      <Filter>Source Files\PJ_related\Characters</Filter>
    </ClCompile>
    <ClCompile Include="Communication.cpp">
      <Filter>Source Files\Net_related</Filter>
    </ClCompile>
    <ClCompile Include="Allegroclass.cpp">
      <Filter>Source Files</Filter>
    </ClCompile>
    <ClCompile Include="GraficInterface.cpp">
      <Filter>Source Files\Graphics_related</Filter>
    </ClCompile>
    <ClCompile Include="GraficObject.cpp">
      <Filter>Source Files\Graphics_related</Filter>
    </ClCompile>
    <ClCompile Include="GraficObjectEnemy.cpp">
      <Filter>Source Files\Graphics_related</Filter>
    </ClCompile>
    <ClCompile Include="GraficObjectPlayer.cpp">
      <Filter>Source Files\Graphics_related</Filter>
    </ClCompile>
    <ClCompile Include="GraficObjectProjectile.cpp">
      <Filter>Source Files\Graphics_related</Filter>
    </ClCompile>
    <ClCompile Include="EventPackageFactory.cpp">
      <Filter>Source Files\Event_related\Generic</Filter>
    </ClCompile>
    <ClCompile Include="FSM_Class.cpp">
      <Filter>Source Files\Event_related\Generic</Filter>
    </ClCompile>
    <ClCompile Include="EventHandler.cpp">
      <Filter>Source Files\Event_related\Generic</Filter>
    </ClCompile>
    <ClCompile Include="Fireball.cpp">
      <Filter>Source Files\PJ_related\Proyectiles</Filter>
    </ClCompile>
    <ClCompile Include="Map.cpp">
      <Filter>Source Files\Map_related</Filter>
    </ClCompile>
    <ClCompile Include="MapThing.cpp">
      <Filter>Source Files\Map_related</Filter>
    </ClCompile>
    <ClCompile Include="MapThingFactory.cpp">
      <Filter>Source Files\Map_related</Filter>
    </ClCompile>
    <ClCompile Include="MapCell.cpp">
      <Filter>Source Files\Map_related</Filter>
    </ClCompile>
    <ClCompile Include="Main.cpp">
      <Filter>Source Files</Filter>
    </ClCompile>
    <ClCompile Include="CharacterActionsFSM.cpp">
      <Filter>Source Files\PJ_related\Characters</Filter>
    </ClCompile>
    <ClCompile Include="Proyectile.cpp">
      <Filter>Source Files\PJ_related\Proyectiles</Filter>
    </ClCompile>
    <ClCompile Include="ProyectilesActionsFSM.cpp">
      <Filter>Source Files\PJ_related\Proyectiles</Filter>
    </ClCompile>
    <ClCompile Include="Package.cpp">
      <Filter>Source Files\Net_related</Filter>
    </ClCompile>
    <ClCompile Include="PackageFactory.cpp">
      <Filter>Source Files\Net_related</Filter>
    </ClCompile>
    <ClCompile Include="LogicClientFSM.cpp">
      <Filter>Source Files\Event_related\Logic</Filter>
    </ClCompile>
    <ClCompile Include="LogicEventGenerator.cpp">
      <Filter>Source Files\Event_related\Logic</Filter>
    </ClCompile>
    <ClCompile Include="LogicFSM.cpp">
      <Filter>Source Files\Event_related\Logic</Filter>
    </ClCompile>
    <ClCompile Include="LogicServerFSM.cpp">
      <Filter>Source Files\Event_related\Logic</Filter>
    </ClCompile>
    <ClCompile Include="Resources.cpp">
      <Filter>Source Files</Filter>
    </ClCompile>
    <ClCompile Include="EnemyActionsFSM.cpp">
      <Filter>Source Files\PJ_related\Characters\Enemies</Filter>
    </ClCompile>
    <ClCompile Include="DijkstraMachine.cpp">
      <Filter>Source Files\Map_related</Filter>
    </ClCompile>
    <ClCompile Include="Player.cpp">
      <Filter>Source Files\PJ_related\Characters\Players</Filter>
    </ClCompile>
    <ClCompile Include="Snowball.cpp">
      <Filter>Source Files\PJ_related\Proyectiles</Filter>
    </ClCompile>
    <ClCompile Include="Scene.cpp">
      <Filter>Source Files\Map_related</Filter>
    </ClCompile>
    <ClCompile Include="Observable.cpp">
      <Filter>Source Files\Observers</Filter>
    </ClCompile>
    <ClCompile Include="Observer.cpp">
      <Filter>Source Files\Observers</Filter>
    </ClCompile>
    <ClCompile Include="point.cpp">
      <Filter>Source Files</Filter>
    </ClCompile>
    <ClCompile Include="PlayerActionsFSM.cpp">
      <Filter>Source Files\PJ_related\Characters\Players</Filter>
    </ClCompile>
    <ClCompile Include="Userdata.cpp">
      <Filter>Source Files</Filter>
    </ClCompile>
    <ClCompile Include="ScenarioDRAWObserver.cpp">
      <Filter>Source Files\Map_related\Observers</Filter>
    </ClCompile>
    <ClCompile Include="ScenarioEventsObserver.cpp">
      <Filter>Source Files\Map_related\Observers</Filter>
    </ClCompile>
    <ClCompile Include="Crazy.cpp">
      <Filter>Source Files\PJ_related\Characters\Enemies\Crazy</Filter>
    </ClCompile>
    <ClCompile Include="GreenFatty.cpp">
      <Filter>Source Files\PJ_related\Characters\Enemies\GreenFatty</Filter>
    </ClCompile>
    <ClCompile Include="PurpleGuy.cpp">
      <Filter>Source Files\PJ_related\Characters\Enemies\PurpleGuy</Filter>
    </ClCompile>
    <ClCompile Include="PurpleGuyScenarioObserver.cpp">
      <Filter>Source Files\PJ_related\Characters\Enemies\PurpleGuy</Filter>
    </ClCompile>
    <ClCompile Include="EnemyActionsFSMDRAWObserver.cpp">
      <Filter>Source Files\PJ_related\Characters\Enemies\Observers</Filter>
    </ClCompile>
    <ClCompile Include="EnemySceneObserver.cpp">
      <Filter>Source Files\PJ_related\Characters\Enemies\Observers</Filter>
    </ClCompile>
    <ClCompile Include="PlayerActionsFSMDRAWObserver.cpp">
      <Filter>Source Files\PJ_related\Characters\Players\Observers</Filter>
    </ClCompile>
    <ClCompile Include="PlayerSceneObserver.cpp">
      <Filter>Source Files\PJ_related\Characters\Players\Observers</Filter>
    </ClCompile>
    <ClCompile Include="MapThingFSM.cpp">
      <Filter>Source Files\Map_related</Filter>
    </ClCompile>
    <ClCompile Include="ProyectileSceneObserver.cpp">
      <Filter>Source Files\PJ_related\Proyectiles\Observers</Filter>
    </ClCompile>
    <ClCompile Include="ProyectilesActionsFSMDRAWObserver.cpp">
      <Filter>Source Files\PJ_related\Proyectiles\Observers</Filter>
    </ClCompile>
    <ClCompile Include="MapThingFactoryDRAWObserver.cpp">
      <Filter>Source Files\Map_related</Filter>
    </ClCompile>
    <ClCompile Include="MapThingEventGenerator.cpp">
      <Filter>Source Files\Map_related</Filter>
    </ClCompile>
    <ClCompile Include="EventGenerator.cpp">
      <Filter>Source Files\Event_related\Generic</Filter>
    </ClCompile>
    <ClCompile Include="LogicFSMGraphicEventsObserver.cpp" />
    <ClCompile Include="GraphicGameFSM.cpp">
      <Filter>Source Files\Event_related\Graphic</Filter>
    </ClCompile>
    <ClCompile Include="CharacterSceneObserver.cpp">
      <Filter>Source Files\PJ_related\Characters</Filter>
    </ClCompile>
    <ClCompile Include="ImageContainer.cpp">
      <Filter>Source Files\Graphics_related</Filter>
    </ClCompile>
    <ClCompile Include="EventPackage.cpp">
      <Filter>Source Files\Event_related\Generic</Filter>
    </ClCompile>
    <ClCompile Include="GraphicEventGenerator.cpp">
      <Filter>Source Files\Event_related\Graphic</Filter>
    </ClCompile>
  </ItemGroup>
  <ItemGroup>
    <ClInclude Include="Character.h">
      <Filter>Header Files\PJ_related\Characters</Filter>
    </ClInclude>
    <ClInclude Include="CharacterActionsFSM.h">
      <Filter>Header Files\PJ_related\Characters</Filter>
    </ClInclude>
    <ClInclude Include="EnemyActionsFSM.h">
      <Filter>Header Files\PJ_related\Characters\Enemies</Filter>
    </ClInclude>
    <ClInclude Include="Enemy.h">
      <Filter>Header Files\PJ_related\Characters\Enemies</Filter>
    </ClInclude>
    <ClInclude Include="Fireball.h">
      <Filter>Header Files\PJ_related\Proyectiles</Filter>
    </ClInclude>
    <ClInclude Include="Player.h">
      <Filter>Header Files\PJ_related\Characters\Players</Filter>
    </ClInclude>
    <ClInclude Include="DRAW.h">
      <Filter>Header Files\Graphics_related</Filter>
    </ClInclude>
    <ClInclude Include="Action_Info.h">
      <Filter>Header Files</Filter>
    </ClInclude>
    <ClInclude Include="Communication.h">
      <Filter>Header Files\Net_related</Filter>
    </ClInclude>
    <ClInclude Include="EventHandler.h">
      <Filter>Header Files\Event_related\Generic</Filter>
    </ClInclude>
    <ClInclude Include="EventPackage.h">
      <Filter>Header Files\Event_related\Generic</Filter>
    </ClInclude>
    <ClInclude Include="AllegroClass.h">
      <Filter>Header Files</Filter>
    </ClInclude>
    <ClInclude Include="GraficInterface.h">
      <Filter>Header Files\Graphics_related</Filter>
    </ClInclude>
    <ClInclude Include="GraficObject.h">
      <Filter>Header Files\Graphics_related</Filter>
    </ClInclude>
    <ClInclude Include="GraficObjectEnemy.h">
      <Filter>Header Files\Graphics_related</Filter>
    </ClInclude>
    <ClInclude Include="GraficObjectPlayer.h">
      <Filter>Header Files\Graphics_related</Filter>
    </ClInclude>
    <ClInclude Include="GraficObjectProjectile.h">
      <Filter>Header Files\Graphics_related</Filter>
    </ClInclude>
    <ClInclude Include="EventPackageFactory.h">
      <Filter>Header Files\Event_related\Generic</Filter>
    </ClInclude>
    <ClInclude Include="EventGenerator.h">
      <Filter>Header Files\Event_related\Generic</Filter>
    </ClInclude>
    <ClInclude Include="Map.h">
      <Filter>Header Files\Map_related</Filter>
    </ClInclude>
    <ClInclude Include="MapCell.h">
      <Filter>Header Files\Map_related</Filter>
    </ClInclude>
    <ClInclude Include="MapThing.h">
      <Filter>Header Files\Map_related</Filter>
    </ClInclude>
    <ClInclude Include="MapThingFactory.h">
      <Filter>Header Files\Map_related</Filter>
    </ClInclude>
    <ClInclude Include="general.h">
      <Filter>Header Files</Filter>
    </ClInclude>
    <ClInclude Include="FSM_Class.h">
      <Filter>Header Files\Event_related\Generic</Filter>
    </ClInclude>
    <ClInclude Include="FSMFactory.h">
      <Filter>Header Files\Event_related\Generic</Filter>
    </ClInclude>
    <ClInclude Include="EnemyDefines.h">
      <Filter>Header Files\Graphics_related</Filter>
    </ClInclude>
    <ClInclude Include="PlayerDefines.h">
      <Filter>Header Files\Graphics_related</Filter>
    </ClInclude>
    <ClInclude Include="ProjectileDefine.h">
      <Filter>Header Files\Graphics_related</Filter>
    </ClInclude>
    <ClInclude Include="ProyectileSceneObserver.h">
      <Filter>Header Files\PJ_related\Proyectiles</Filter>
    </ClInclude>
    <ClInclude Include="ProyectilesActionsFSMDRAWObserver.h">
      <Filter>Header Files\PJ_related\Proyectiles</Filter>
    </ClInclude>
    <ClInclude Include="ProyectilesActionsFSM.h">
      <Filter>Header Files\PJ_related\Proyectiles</Filter>
    </ClInclude>
    <ClInclude Include="Proyectile.h">
      <Filter>Header Files\PJ_related\Proyectiles</Filter>
    </ClInclude>
    <ClInclude Include="Package.h">
      <Filter>Header Files\Net_related</Filter>
    </ClInclude>
    <ClInclude Include="PackageFactory.h">
      <Filter>Header Files\Net_related</Filter>
    </ClInclude>
    <ClInclude Include="LogicClientFSM.h">
      <Filter>Header Files\Event_related\Logic</Filter>
    </ClInclude>
    <ClInclude Include="LogicEventGenerator.h">
      <Filter>Header Files\Event_related\Logic</Filter>
    </ClInclude>
    <ClInclude Include="LogicFSM.h">
      <Filter>Header Files\Event_related\Logic</Filter>
    </ClInclude>
    <ClInclude Include="LogicServerFSM.h">
      <Filter>Header Files\Event_related\Logic</Filter>
    </ClInclude>
    <ClInclude Include="GraphicEventGenerator.h">
      <Filter>Header Files\Event_related\Graphic</Filter>
    </ClInclude>
    <ClInclude Include="DijkstraMachine.h">
      <Filter>Header Files\Map_related</Filter>
    </ClInclude>
    <ClInclude Include="Scene.h">
      <Filter>Header Files\Map_related</Filter>
    </ClInclude>
    <ClInclude Include="Userdata.h">
      <Filter>Header Files</Filter>
    </ClInclude>
    <ClInclude Include="Observer.h">
      <Filter>Header Files\Observers</Filter>
    </ClInclude>
    <ClInclude Include="Observable.h">
      <Filter>Header Files\Observers</Filter>
    </ClInclude>
    <ClInclude Include="Resources.h">
      <Filter>Header Files</Filter>
    </ClInclude>
    <ClInclude Include="point.h">
      <Filter>Header Files</Filter>
    </ClInclude>
    <ClInclude Include="PlayerActionsFSM.h">
      <Filter>Header Files\PJ_related\Characters\Players</Filter>
    </ClInclude>
    <ClInclude Include="Snowball.h">
      <Filter>Header Files\PJ_related\Proyectiles</Filter>
    </ClInclude>
    <ClInclude Include="CharacterSceneObserver.h">
      <Filter>Header Files\PJ_related\Characters</Filter>
    </ClInclude>
    <ClInclude Include="Crazy.h">
      <Filter>Header Files\PJ_related\Characters\Enemies\Crazy</Filter>
    </ClInclude>
    <ClInclude Include="GreenFatty.h">
      <Filter>Header Files\PJ_related\Characters\Enemies\GreenFatty</Filter>
    </ClInclude>
    <ClInclude Include="PurpleGuy.h">
      <Filter>Header Files\PJ_related\Characters\Enemies\PurpleGuy</Filter>
    </ClInclude>
    <ClInclude Include="PurpleGuyScenarioObserver.h">
      <Filter>Header Files\PJ_related\Characters\Enemies\PurpleGuy</Filter>
    </ClInclude>
    <ClInclude Include="EnemyActionsFSMDRAWObserver.h">
      <Filter>Header Files\PJ_related\Characters\Enemies\Observers</Filter>
    </ClInclude>
    <ClInclude Include="EnemySceneObserver.h">
      <Filter>Header Files\PJ_related\Characters\Enemies\Observers</Filter>
    </ClInclude>
    <ClInclude Include="ScenarioDRAWObserver.h">
      <Filter>Header Files\Map_related\Observers</Filter>
    </ClInclude>
    <ClInclude Include="ScenarioEventsObserver.h">
      <Filter>Header Files\Map_related\Observers</Filter>
    </ClInclude>
    <ClInclude Include="PlayerActionsFSMDRAWObserver.h">
      <Filter>Header Files\PJ_related\Characters\Players\Observers</Filter>
    </ClInclude>
    <ClInclude Include="PlayerSceneObserver.h">
      <Filter>Header Files\PJ_related\Characters\Players\Observers</Filter>
    </ClInclude>
    <ClInclude Include="MapThingFactoryDRAWObserver.h">
      <Filter>Header Files\Map_related\Observers</Filter>
    </ClInclude>
    <ClInclude Include="MapThingFSM.h">
      <Filter>Header Files\Map_related</Filter>
    </ClInclude>
    <ClInclude Include="MapThingEventGenerator.h">
      <Filter>Header Files\Map_related</Filter>
    </ClInclude>
    <ClInclude Include="LogicFSMGraphicEventsObserver.h" />
    <ClInclude Include="GraphicGameFSM.h">
      <Filter>Header Files\Event_related\Graphic</Filter>
    </ClInclude>
    <ClInclude Include="ImageContainer.h">
      <Filter>Header Files\Graphics_related</Filter>
    </ClInclude>
  </ItemGroup>
  <ItemGroup>
    <None Include="packages.config" />
  </ItemGroup>
  <ItemGroup>
    <Filter Include="Header Files">
      <UniqueIdentifier>{dc4e1360-f1b0-4ca9-8cea-1264f0affc4e}</UniqueIdentifier>
    </Filter>
    <Filter Include="Header Files\Event_related">
      <UniqueIdentifier>{5c4172b8-e4c0-4dbd-b765-6d78e5198a4e}</UniqueIdentifier>
    </Filter>
    <Filter Include="Header Files\Graphics_related">
      <UniqueIdentifier>{feed62e1-c75f-45f7-889f-d9facffed7c7}</UniqueIdentifier>
    </Filter>
    <Filter Include="Header Files\Map_related">
      <UniqueIdentifier>{4d49314f-53d1-426f-84a9-fc19bcdabc10}</UniqueIdentifier>
    </Filter>
    <Filter Include="Header Files\Event_related\Generic">
      <UniqueIdentifier>{9c7c54af-7d02-4beb-a207-059820746cd6}</UniqueIdentifier>
    </Filter>
    <Filter Include="Header Files\Event_related\Graphic">
      <UniqueIdentifier>{b32be7c4-f786-4ad1-90db-f9d689976666}</UniqueIdentifier>
    </Filter>
    <Filter Include="Header Files\Event_related\Logic">
      <UniqueIdentifier>{25774eef-8a51-46c9-b606-662544ff764f}</UniqueIdentifier>
    </Filter>
    <Filter Include="Header Files\PJ_related">
      <UniqueIdentifier>{1af530d9-9680-4c2b-a297-eed467fe5c5e}</UniqueIdentifier>
    </Filter>
    <Filter Include="Header Files\PJ_related\Characters">
      <UniqueIdentifier>{f668aee8-52ab-4b7b-8a7b-ade8f7aef738}</UniqueIdentifier>
    </Filter>
    <Filter Include="Header Files\PJ_related\Proyectiles">
      <UniqueIdentifier>{1e8d6235-c198-46f2-81eb-16ca4bf01714}</UniqueIdentifier>
    </Filter>
    <Filter Include="Header Files\PJ_related\Characters\Enemies">
      <UniqueIdentifier>{43f7d8a7-b8e1-471f-8eaa-f8a20ef77229}</UniqueIdentifier>
    </Filter>
    <Filter Include="Header Files\Observers">
      <UniqueIdentifier>{0996d6d3-bb9f-41da-af50-d71d702b1b5f}</UniqueIdentifier>
    </Filter>
    <Filter Include="Header Files\PJ_related\Characters\Players">
      <UniqueIdentifier>{12381c16-e6e4-4d2d-a7f6-028a6e4a59d5}</UniqueIdentifier>
    </Filter>
    <Filter Include="Source Files">
      <UniqueIdentifier>{f9c4c352-098f-465b-a497-4bba8c4b974e}</UniqueIdentifier>
    </Filter>
    <Filter Include="Source Files\Event_related">
      <UniqueIdentifier>{6b0fade1-79f8-4b9a-8e74-c8ce470cb597}</UniqueIdentifier>
    </Filter>
    <Filter Include="Source Files\Graphics_related">
      <UniqueIdentifier>{5942d79d-2e29-4c01-b328-66e203260106}</UniqueIdentifier>
    </Filter>
    <Filter Include="Source Files\Map_related">
      <UniqueIdentifier>{da748af7-5042-465d-98b7-2fd63c0b60d4}</UniqueIdentifier>
    </Filter>
    <Filter Include="Header Files\Net_related">
      <UniqueIdentifier>{60318310-5810-4b63-baf9-9ecd263f5a3f}</UniqueIdentifier>
    </Filter>
    <Filter Include="Source Files\Net_related">
      <UniqueIdentifier>{74245396-4364-41c2-a614-eabf39d74c9d}</UniqueIdentifier>
    </Filter>
    <Filter Include="Source Files\Observers">
      <UniqueIdentifier>{02655085-31c0-4ea4-baf1-37fa3b1a106b}</UniqueIdentifier>
    </Filter>
    <Filter Include="Source Files\PJ_related">
      <UniqueIdentifier>{4a27dd8d-72b8-47a3-9d01-84012494883c}</UniqueIdentifier>
    </Filter>
    <Filter Include="Source Files\Event_related\Graphic">
      <UniqueIdentifier>{bf537947-3516-46e5-a61f-a9279074e633}</UniqueIdentifier>
    </Filter>
    <Filter Include="Source Files\Event_related\Logic">
      <UniqueIdentifier>{cd465320-f050-419a-8cfc-860e9626d836}</UniqueIdentifier>
    </Filter>
    <Filter Include="Source Files\Event_related\Generic">
      <UniqueIdentifier>{c7c9b496-b170-4256-ac00-eae83d4805a1}</UniqueIdentifier>
    </Filter>
    <Filter Include="Source Files\PJ_related\Proyectiles">
      <UniqueIdentifier>{5fae448a-6d9f-4852-94b9-c2a5ac515c0d}</UniqueIdentifier>
    </Filter>
    <Filter Include="Source Files\PJ_related\Characters">
      <UniqueIdentifier>{6fce387c-76fb-4735-a987-99c67ca46733}</UniqueIdentifier>
    </Filter>
    <Filter Include="Source Files\PJ_related\Characters\Players">
      <UniqueIdentifier>{fbe9c2bf-4149-4355-a47f-22fc3b713a70}</UniqueIdentifier>
    </Filter>
    <Filter Include="Source Files\PJ_related\Characters\Enemies">
      <UniqueIdentifier>{2a881524-3e3a-41eb-acd6-6be8a4dbc5c3}</UniqueIdentifier>
    </Filter>
    <Filter Include="Header Files\PJ_related\Characters\Enemies\Crazy">
      <UniqueIdentifier>{68c4363d-fbd2-4e72-ab8f-a7ca288bd3f4}</UniqueIdentifier>
    </Filter>
    <Filter Include="Header Files\PJ_related\Characters\Enemies\PurpleGuy">
      <UniqueIdentifier>{f6227356-f503-46b9-9f71-d076f41d4cf2}</UniqueIdentifier>
    </Filter>
    <Filter Include="Header Files\PJ_related\Characters\Enemies\GreenFatty">
      <UniqueIdentifier>{29c330dc-5436-446e-ae12-79ab98820d9f}</UniqueIdentifier>
    </Filter>
    <Filter Include="Header Files\PJ_related\Characters\Enemies\Observers">
      <UniqueIdentifier>{9cd73442-7996-47d1-af9d-f116d7538201}</UniqueIdentifier>
    </Filter>
    <Filter Include="Header Files\Map_related\Observers">
      <UniqueIdentifier>{f52a3129-0d87-41a9-afa8-d78c19403426}</UniqueIdentifier>
    </Filter>
    <Filter Include="Source Files\Map_related\Observers">
      <UniqueIdentifier>{ec0f47b3-f99e-4072-b2f3-f04bff2feb05}</UniqueIdentifier>
    </Filter>
    <Filter Include="Source Files\PJ_related\Characters\Enemies\Crazy">
      <UniqueIdentifier>{632ef892-7c40-4329-a586-458e61e01b0e}</UniqueIdentifier>
    </Filter>
    <Filter Include="Source Files\PJ_related\Characters\Enemies\PurpleGuy">
      <UniqueIdentifier>{182581ec-e05c-4111-933a-23d6acace798}</UniqueIdentifier>
    </Filter>
    <Filter Include="Source Files\PJ_related\Characters\Enemies\GreenFatty">
      <UniqueIdentifier>{85ff200c-7431-4ae7-86e2-f0b9dc059b05}</UniqueIdentifier>
    </Filter>
    <Filter Include="Source Files\PJ_related\Characters\Enemies\Observers">
      <UniqueIdentifier>{22e9ba71-fd95-4df4-8825-8f5a2dafe59f}</UniqueIdentifier>
    </Filter>
    <Filter Include="Header Files\PJ_related\Characters\Players\Observers">
      <UniqueIdentifier>{c0295c08-c5d4-45d8-8ade-3f7979c7b69d}</UniqueIdentifier>
    </Filter>
    <Filter Include="Source Files\PJ_related\Characters\Players\Observers">
      <UniqueIdentifier>{66535075-048e-428c-9ce9-9c15465b760d}</UniqueIdentifier>
    </Filter>
    <Filter Include="Source Files\PJ_related\Proyectiles\Observers">
      <UniqueIdentifier>{b38043f4-caf4-487f-8672-337d0e80a075}</UniqueIdentifier>
    </Filter>
  </ItemGroup>
  <ItemGroup>
    <ClCompile Include="Allegroclass.cpp">
      <Filter>Source Files</Filter>
    </ClCompile>
    <ClCompile Include="Main.cpp">
      <Filter>Source Files</Filter>
    </ClCompile>
    <ClCompile Include="Userdata.cpp">
      <Filter>Source Files</Filter>
    </ClCompile>
    <ClCompile Include="Package.cpp">
      <Filter>Source Files\Net_related</Filter>
    </ClCompile>
    <ClCompile Include="Communication.cpp">
      <Filter>Source Files\Net_related</Filter>
    </ClCompile>
    <ClCompile Include="MapThing.cpp">
      <Filter>Source Files\Map_related</Filter>
    </ClCompile>
    <ClCompile Include="Map.cpp">
      <Filter>Source Files\Map_related</Filter>
    </ClCompile>
    <ClCompile Include="Observable.cpp">
      <Filter>Source Files\Observers</Filter>
    </ClCompile>
    <ClCompile Include="Observer.cpp">
      <Filter>Source Files\Observers</Filter>
    </ClCompile>
    <ClCompile Include="Scene.cpp">
      <Filter>Source Files\Map_related</Filter>
    </ClCompile>
    <ClCompile Include="MapCell.cpp">
      <Filter>Source Files\Map_related</Filter>
    </ClCompile>
    <ClCompile Include="PackageFactory.cpp">
      <Filter>Source Files\Net_related</Filter>
    </ClCompile>
    <ClCompile Include="MapThingFactory.cpp">
      <Filter>Source Files\Map_related</Filter>
    </ClCompile>
    <ClCompile Include="GraphicEventGenerator.cpp">
      <Filter>Source Files\Event_related\Graphic</Filter>
    </ClCompile>
    <ClCompile Include="LogicEventGenerator.cpp">
      <Filter>Source Files\Event_related\Logic</Filter>
    </ClCompile>
    <ClCompile Include="LogicFSM.cpp">
      <Filter>Source Files\Event_related\Logic</Filter>
    </ClCompile>
    <ClCompile Include="LogicClientFSM.cpp">
      <Filter>Source Files\Event_related\Logic</Filter>
    </ClCompile>
    <ClCompile Include="LogicServerFSM.cpp">
      <Filter>Source Files\Event_related\Logic</Filter>
    </ClCompile>
    <ClCompile Include="EventGenerator.cpp">
      <Filter>Source Files\Event_related\Generic</Filter>
    </ClCompile>
    <ClCompile Include="EventHandler.cpp">
      <Filter>Source Files\Event_related\Generic</Filter>
    </ClCompile>
    <ClCompile Include="EventPackage.cpp">
      <Filter>Source Files\Event_related\Generic</Filter>
    </ClCompile>
    <ClCompile Include="FSM_Class.cpp">
      <Filter>Source Files\Event_related\Generic</Filter>
    </ClCompile>
    <ClCompile Include="ScenarioEventsObserver.cpp">
      <Filter>Source Files\Observers\Logic</Filter>
    </ClCompile>
    <ClCompile Include="Character.cpp">
      <Filter>Source Files\PJ_related\Characters</Filter>
    </ClCompile>
    <ClCompile Include="Enemy.cpp">
      <Filter>Source Files\PJ_related\Characters</Filter>
    </ClCompile>
    <ClCompile Include="Proyectile.cpp">
      <Filter>Source Files\PJ_related\Proyectiles</Filter>
    </ClCompile>
    <ClCompile Include="Fireball.cpp">
      <Filter>Source Files\PJ_related\Proyectiles</Filter>
    </ClCompile>
    <ClCompile Include="Snowball.cpp">
      <Filter>Source Files\PJ_related\Proyectiles</Filter>
    </ClCompile>
    <ClCompile Include="Player.cpp">
      <Filter>Source Files\PJ_related\Characters</Filter>
    </ClCompile>
    <ClCompile Include="GreenFatty.cpp">
      <Filter>Source Files\PJ_related\Characters\Enemies</Filter>
    </ClCompile>
    <ClCompile Include="PurpleGuy.cpp">
      <Filter>Source Files\PJ_related\Characters\Enemies</Filter>
    </ClCompile>
    <ClCompile Include="Crazy.cpp">
      <Filter>Source Files\PJ_related\Characters\Enemies</Filter>
    </ClCompile>
    <ClCompile Include="DijkstraMachine.cpp">
      <Filter>Source Files\Map_related</Filter>
    </ClCompile>
    <ClCompile Include="PurpleGuyScenarioObserver.cpp">
      <Filter>Source Files\Observers\Logic</Filter>
    </ClCompile>
    <ClCompile Include="DRAW.cpp">
      <Filter>Source Files\Graphics_related</Filter>
    </ClCompile>
    <ClCompile Include="GraficInterface.cpp">
      <Filter>Source Files\Graphics_related</Filter>
    </ClCompile>
    <ClCompile Include="GraficObject.cpp">
      <Filter>Source Files\Graphics_related</Filter>
    </ClCompile>
    <ClCompile Include="GraficObjectEnemy.cpp">
      <Filter>Source Files\Graphics_related</Filter>
    </ClCompile>
    <ClCompile Include="GraficObjectPlayer.cpp">
      <Filter>Source Files\Graphics_related</Filter>
    </ClCompile>
    <ClCompile Include="GraficObjectProjectile.cpp">
      <Filter>Source Files\Graphics_related</Filter>
    </ClCompile>
    <ClCompile Include="point.cpp">
      <Filter>Source Files\Graphics_related</Filter>
    </ClCompile>
    <ClCompile Include="GraphicGameFSM.cpp">
      <Filter>Source Files\Event_related\Graphic</Filter>
    </ClCompile>
    <ClCompile Include="Resources.cpp">
      <Filter>Source Files</Filter>
    </ClCompile>
    <ClCompile Include="EventPackageFactory.cpp">
      <Filter>Source Files\Event_related\Generic</Filter>
    </ClCompile>
    <ClCompile Include="EnemyActionsFSMDRAWObserver.cpp">
      <Filter>Source Files\Observers\Graphic</Filter>
    </ClCompile>
    <ClCompile Include="PlayerActionsFSMDRAWObserver.cpp">
      <Filter>Source Files\Observers\Graphic</Filter>
    </ClCompile>
    <ClCompile Include="EnemyActionsFSM.cpp">
      <Filter>Source Files\PJ_related\Characters</Filter>
    </ClCompile>
    <ClCompile Include="PlayerActionsFSM.cpp">
      <Filter>Source Files\PJ_related\Characters</Filter>
    </ClCompile>
    <ClCompile Include="ProyectilesActionsFSM.cpp">
      <Filter>Source Files\PJ_related\Proyectiles</Filter>
    </ClCompile>
    <ClCompile Include="CharacterSceneObserver.cpp">
      <Filter>Source Files\Observers\Logic</Filter>
    </ClCompile>
    <ClCompile Include="ScenarioDRAWObserver.cpp">
      <Filter>Source Files\Observers\Graphic</Filter>
    </ClCompile>
    <ClCompile Include="CharacterActionsFSM.cpp">
      <Filter>Source Files\PJ_related\Characters</Filter>
    </ClCompile>
    <ClCompile Include="ProyectilesActionsFSMDRAWObserver.cpp">
      <Filter>Header Files\Observers\Graphic</Filter>
    </ClCompile>
    <ClCompile Include="EnemySceneObserver.cpp">
      <Filter>Source Files\Observers\Logic</Filter>
    </ClCompile>
    <ClCompile Include="ProyectileSceneObserver.cpp">
      <Filter>Source Files\Observers\Logic</Filter>
    </ClCompile>
    <ClCompile Include="PlayerSceneObserver.cpp">
      <Filter>Source Files\Observers\Logic</Filter>
    </ClCompile>
  </ItemGroup>
  <ItemGroup>
    <ClInclude Include="AllegroClass.h">
      <Filter>Header Files</Filter>
    </ClInclude>
    <ClInclude Include="Userdata.h">
      <Filter>Header Files</Filter>
    </ClInclude>
    <ClInclude Include="Communication.h">
      <Filter>Header Files\Net_related</Filter>
    </ClInclude>
    <ClInclude Include="Observable.h">
      <Filter>Header Files\Observers</Filter>
    </ClInclude>
    <ClInclude Include="Observer.h">
      <Filter>Header Files\Observers</Filter>
    </ClInclude>
    <ClInclude Include="MapThing.h">
      <Filter>Header Files\Map_related</Filter>
    </ClInclude>
    <ClInclude Include="Map.h">
      <Filter>Header Files\Map_related</Filter>
    </ClInclude>
    <ClInclude Include="Scene.h">
      <Filter>Header Files\Map_related</Filter>
    </ClInclude>
    <ClInclude Include="Package.h">
      <Filter>Header Files\Net_related</Filter>
    </ClInclude>
    <ClInclude Include="MapCell.h">
      <Filter>Header Files\Map_related</Filter>
    </ClInclude>
    <ClInclude Include="PackageFactory.h">
      <Filter>Header Files\Net_related</Filter>
    </ClInclude>
    <ClInclude Include="Resources.h">
      <Filter>Header Files</Filter>
    </ClInclude>
    <ClInclude Include="general.h">
      <Filter>Header Files</Filter>
    </ClInclude>
    <ClInclude Include="MapThingFactory.h">
      <Filter>Header Files\Map_related</Filter>
    </ClInclude>
    <ClInclude Include="GraphicEventGenerator.h">
      <Filter>Header Files\Event_related\Graphic</Filter>
    </ClInclude>
    <ClInclude Include="LogicEventGenerator.h">
      <Filter>Header Files\Event_related\Logic</Filter>
    </ClInclude>
    <ClInclude Include="LogicFSM.h">
      <Filter>Header Files\Event_related\Logic</Filter>
    </ClInclude>
    <ClInclude Include="EventGenerator.h">
      <Filter>Header Files\Event_related\Generic</Filter>
    </ClInclude>
    <ClInclude Include="EventHandler.h">
      <Filter>Header Files\Event_related\Generic</Filter>
    </ClInclude>
    <ClInclude Include="EventPackage.h">
      <Filter>Header Files\Event_related\Generic</Filter>
    </ClInclude>
    <ClInclude Include="FSM_Class.h">
      <Filter>Header Files\Event_related\Generic</Filter>
    </ClInclude>
    <ClInclude Include="FSMFactory.h">
      <Filter>Header Files\Event_related\Generic</Filter>
    </ClInclude>
    <ClInclude Include="LogicServerFSM.h">
      <Filter>Header Files\Event_related\Logic</Filter>
    </ClInclude>
    <ClInclude Include="LogicClientFSM.h">
      <Filter>Header Files\Event_related\Logic</Filter>
    </ClInclude>
    <ClInclude Include="ScenarioEventsObserver.h">
      <Filter>Header Files\Observers\Logic</Filter>
    </ClInclude>
    <ClInclude Include="Fireball.h">
      <Filter>Header Files\PJ_related\Proyectiles</Filter>
    </ClInclude>
    <ClInclude Include="Crazy.h">
      <Filter>Header Files\PJ_related\Characters\Enemies</Filter>
    </ClInclude>
    <ClInclude Include="GreenFatty.h">
      <Filter>Header Files\PJ_related\Characters\Enemies</Filter>
    </ClInclude>
    <ClInclude Include="PurpleGuy.h">
      <Filter>Header Files\PJ_related\Characters\Enemies</Filter>
    </ClInclude>
    <ClInclude Include="Proyectile.h">
      <Filter>Header Files\PJ_related\Proyectiles</Filter>
    </ClInclude>
    <ClInclude Include="Character.h">
      <Filter>Header Files\PJ_related\Characters</Filter>
    </ClInclude>
    <ClInclude Include="Enemy.h">
      <Filter>Header Files\PJ_related\Characters</Filter>
    </ClInclude>
    <ClInclude Include="Player.h">
      <Filter>Header Files\PJ_related\Characters</Filter>
    </ClInclude>
    <ClInclude Include="Snowball.h">
      <Filter>Header Files\PJ_related\Proyectiles</Filter>
    </ClInclude>
    <ClInclude Include="PurpleGuyScenarioObserver.h">
      <Filter>Header Files\Observers\Logic</Filter>
    </ClInclude>
    <ClInclude Include="DijkstraMachine.h">
      <Filter>Header Files\Map_related</Filter>
    </ClInclude>
    <ClInclude Include="PlayerDefines.h">
      <Filter>Header Files\Graphics_related</Filter>
    </ClInclude>
    <ClInclude Include="GraficInterface.h">
      <Filter>Header Files\Graphics_related</Filter>
    </ClInclude>
    <ClInclude Include="GraficObject.h">
      <Filter>Header Files\Graphics_related</Filter>
    </ClInclude>
    <ClInclude Include="GraficObjectEnemy.h">
      <Filter>Header Files\Graphics_related</Filter>
    </ClInclude>
    <ClInclude Include="GraficObjectPlayer.h">
      <Filter>Header Files\Graphics_related</Filter>
    </ClInclude>
    <ClInclude Include="GraficObjectProjectile.h">
      <Filter>Header Files\Graphics_related</Filter>
    </ClInclude>
    <ClInclude Include="point.h">
      <Filter>Header Files\Graphics_related</Filter>
    </ClInclude>
    <ClInclude Include="EnemyDefines.h">
      <Filter>Header Files\Graphics_related</Filter>
    </ClInclude>
    <ClInclude Include="DRAW.h">
      <Filter>Header Files\Graphics_related</Filter>
    </ClInclude>
    <ClInclude Include="ProjectileDefine.h">
      <Filter>Header Files\Graphics_related</Filter>
    </ClInclude>
    <ClInclude Include="GraphicGameFSM.h">
      <Filter>Header Files\Event_related\Graphic</Filter>
    </ClInclude>
    <ClInclude Include="Action_Info.h">
      <Filter>Header Files</Filter>
    </ClInclude>
    <ClInclude Include="EventPackageFactory.h">
      <Filter>Header Files\Event_related\Generic</Filter>
    </ClInclude>
    <ClInclude Include="CharacterSceneObserver.h">
      <Filter>Header Files\Observers\Logic</Filter>
    </ClInclude>
    <ClInclude Include="CharacterActionsFSM.h">
      <Filter>Header Files\PJ_related\Characters</Filter>
    </ClInclude>
    <ClInclude Include="EnemyActionsFSM.h">
      <Filter>Header Files\PJ_related\Characters</Filter>
    </ClInclude>
    <ClInclude Include="PlayerActionsFSM.h">
      <Filter>Header Files\PJ_related\Characters</Filter>
    </ClInclude>
    <ClInclude Include="ProyectilesActionsFSM.h">
      <Filter>Header Files\PJ_related\Proyectiles</Filter>
    </ClInclude>
    <ClInclude Include="PlayerActionsFSMDRAWObserver.h">
      <Filter>Header Files\Observers\Graphic</Filter>
    </ClInclude>
    <ClInclude Include="EnemyActionsFSMDRAWObserver.h">
      <Filter>Header Files\Observers\Graphic</Filter>
    </ClInclude>
    <ClInclude Include="ScenarioDRAWObserver.h">
      <Filter>Header Files\Observers\Graphic</Filter>
    </ClInclude>
    <ClInclude Include="ProyectilesActionsFSMDRAWObserver.h">
      <Filter>Header Files\Observers\Graphic</Filter>
    </ClInclude>
    <ClInclude Include="EnemySceneObserver.h">
      <Filter>Header Files\Observers\Logic</Filter>
    </ClInclude>
    <ClInclude Include="PlayerSceneObserver.h">
      <Filter>Header Files\Observers\Logic</Filter>
    </ClInclude>
    <ClInclude Include="ProyectileSceneObserver.h">
      <Filter>Header Files\Observers\Logic</Filter>
    </ClInclude>
  </ItemGroup>
  <ItemGroup>
    <None Include="packages.config" />
  </ItemGroup>
</Project>